{
  "pins" : [
    {
      "identity" : "popupview",
      "kind" : "remoteSourceControl",
      "location" : "https://github.com/exyte/PopupView.git",
      "state" : {
        "revision" : "bb18c1652f6b60741f9ff6ba4fb8569460a7ffaa",
        "version" : "2.8.1"
      }
    }
  ],
  "version" : 2
}
