// !$*UTF8*$!
{
	archiveVersion = 1;
	classes = {
	};
	objectVersion = 56;
	objects = {

/* Begin PBXBuildFile section */
		42ED60C62ADE7EDB0043AF2F /* HomeView.swift in Sources */ = {isa = PBXBuildFile; fileRef = 42ED60C52ADE7EDB0043AF2F /* HomeView.swift */; };
		42ED60C82ADE7EF50043AF2F /* OverView.swift in Sources */ = {isa = PBXBuildFile; fileRef = 42ED60C72ADE7EF50043AF2F /* OverView.swift */; };
		42ED60CA2ADE7F090043AF2F /* OverViewModalView.swift in Sources */ = {isa = PBXBuildFile; fileRef = 42ED60C92ADE7F090043AF2F /* OverViewModalView.swift */; };
		42ED60CC2ADE7F1A0043AF2F /* WordSelectView.swift in Sources */ = {isa = PBXBuildFile; fileRef = 42ED60CB2ADE7F1A0043AF2F /* WordSelectView.swift */; };
		42ED60CE2ADE7F290043AF2F /* OCREditView.swift in Sources */ = {isa = PBXBuildFile; fileRef = 42ED60CD2ADE7F290043AF2F /* OCREditView.swift */; };
		42ED60D02ADE7F380043AF2F /* ScribbleModalView.swift in Sources */ = {isa = PBXBuildFile; fileRef = 42ED60CF2ADE7F380043AF2F /* ScribbleModalView.swift */; };
		42ED60D22ADE7F450043AF2F /* TestPageView.swift in Sources */ = {isa = PBXBuildFile; fileRef = 42ED60D12ADE7F450043AF2F /* TestPageView.swift */; };
		42ED60D42ADE7F570043AF2F /* ResultPageView.swift in Sources */ = {isa = PBXBuildFile; fileRef = 42ED60D32ADE7F570043AF2F /* ResultPageView.swift */; };
		42ED60D62ADE7F6C0043AF2F /* CorrectInfoView.swift in Sources */ = {isa = PBXBuildFile; fileRef = 42ED60D52ADE7F6C0043AF2F /* CorrectInfoView.swift */; };
		42ED60D82ADE7F910043AF2F /* PDFThumbnailView.swift in Sources */ = {isa = PBXBuildFile; fileRef = 42ED60D72ADE7F910043AF2F /* PDFThumbnailView.swift */; };
		4491DFEC2ADD4CF800CA5B42 /* Persistence.swift in Sources */ = {isa = PBXBuildFile; fileRef = 4491DFEB2ADD4CF800CA5B42 /* Persistence.swift */; };
		4491DFEF2ADD4D4700CA5B42 /* Blank.xcdatamodeld in Sources */ = {isa = PBXBuildFile; fileRef = 4491DFED2ADD4D4700CA5B42 /* Blank.xcdatamodeld */; };
		4491DFF32ADD4EEB00CA5B42 /* PersistenceView.swift in Sources */ = {isa = PBXBuildFile; fileRef = 4491DFF22ADD4EEB00CA5B42 /* PersistenceView.swift */; };
		ACDBDA5D2AD7CC7600C44A80 /* BlankApp.swift in Sources */ = {isa = PBXBuildFile; fileRef = ACDBDA5C2AD7CC7600C44A80 /* BlankApp.swift */; };
		ACDBDA612AD7CC7700C44A80 /* Assets.xcassets in Resources */ = {isa = PBXBuildFile; fileRef = ACDBDA602AD7CC7700C44A80 /* Assets.xcassets */; };
		ACDBDA642AD7CC7700C44A80 /* Preview Assets.xcassets in Resources */ = {isa = PBXBuildFile; fileRef = ACDBDA632AD7CC7700C44A80 /* Preview Assets.xcassets */; };
		ACF338C02ADD00DC004D20FC /* File.swift in Sources */ = {isa = PBXBuildFile; fileRef = ACF338BF2ADD00DC004D20FC /* File.swift */; };
		ACF338C22ADD0136004D20FC /* Page.swift in Sources */ = {isa = PBXBuildFile; fileRef = ACF338C12ADD0136004D20FC /* Page.swift */; };
		ACF338C42ADD0158004D20FC /* Session.swift in Sources */ = {isa = PBXBuildFile; fileRef = ACF338C32ADD0158004D20FC /* Session.swift */; };
		ACF338C62ADD0172004D20FC /* Word.swift in Sources */ = {isa = PBXBuildFile; fileRef = ACF338C52ADD0172004D20FC /* Word.swift */; };
		ACF338C82ADD0327004D20FC /* del.swift in Sources */ = {isa = PBXBuildFile; fileRef = ACF338C72ADD0327004D20FC /* del.swift */; };
/* End PBXBuildFile section */

/* Begin PBXFileReference section */
		42ED60C52ADE7EDB0043AF2F /* HomeView.swift */ = {isa = PBXFileReference; lastKnownFileType = sourcecode.swift; path = HomeView.swift; sourceTree = "<group>"; };
		42ED60C72ADE7EF50043AF2F /* OverView.swift */ = {isa = PBXFileReference; lastKnownFileType = sourcecode.swift; path = OverView.swift; sourceTree = "<group>"; };
		42ED60C92ADE7F090043AF2F /* OverViewModalView.swift */ = {isa = PBXFileReference; lastKnownFileType = sourcecode.swift; path = OverViewModalView.swift; sourceTree = "<group>"; };
		42ED60CB2ADE7F1A0043AF2F /* WordSelectView.swift */ = {isa = PBXFileReference; lastKnownFileType = sourcecode.swift; path = WordSelectView.swift; sourceTree = "<group>"; };
		42ED60CD2ADE7F290043AF2F /* OCREditView.swift */ = {isa = PBXFileReference; lastKnownFileType = sourcecode.swift; path = OCREditView.swift; sourceTree = "<group>"; };
		42ED60CF2ADE7F380043AF2F /* ScribbleModalView.swift */ = {isa = PBXFileReference; lastKnownFileType = sourcecode.swift; path = ScribbleModalView.swift; sourceTree = "<group>"; };
		42ED60D12ADE7F450043AF2F /* TestPageView.swift */ = {isa = PBXFileReference; lastKnownFileType = sourcecode.swift; path = TestPageView.swift; sourceTree = "<group>"; };
		42ED60D32ADE7F570043AF2F /* ResultPageView.swift */ = {isa = PBXFileReference; lastKnownFileType = sourcecode.swift; path = ResultPageView.swift; sourceTree = "<group>"; };
		42ED60D52ADE7F6C0043AF2F /* CorrectInfoView.swift */ = {isa = PBXFileReference; lastKnownFileType = sourcecode.swift; path = CorrectInfoView.swift; sourceTree = "<group>"; };
		42ED60D72ADE7F910043AF2F /* PDFThumbnailView.swift */ = {isa = PBXFileReference; lastKnownFileType = sourcecode.swift; path = PDFThumbnailView.swift; sourceTree = "<group>"; };
		4491DFEB2ADD4CF800CA5B42 /* Persistence.swift */ = {isa = PBXFileReference; lastKnownFileType = sourcecode.swift; path = Persistence.swift; sourceTree = "<group>"; };
		4491DFEE2ADD4D4700CA5B42 /* Blank.xcdatamodel */ = {isa = PBXFileReference; lastKnownFileType = wrapper.xcdatamodel; path = Blank.xcdatamodel; sourceTree = "<group>"; };
		4491DFF22ADD4EEB00CA5B42 /* PersistenceView.swift */ = {isa = PBXFileReference; lastKnownFileType = sourcecode.swift; path = PersistenceView.swift; sourceTree = "<group>"; };
		ACDBDA592AD7CC7600C44A80 /* Blank.app */ = {isa = PBXFileReference; explicitFileType = wrapper.application; includeInIndex = 0; path = Blank.app; sourceTree = BUILT_PRODUCTS_DIR; };
		ACDBDA5C2AD7CC7600C44A80 /* BlankApp.swift */ = {isa = PBXFileReference; lastKnownFileType = sourcecode.swift; path = BlankApp.swift; sourceTree = "<group>"; };
		ACDBDA602AD7CC7700C44A80 /* Assets.xcassets */ = {isa = PBXFileReference; lastKnownFileType = folder.assetcatalog; path = Assets.xcassets; sourceTree = "<group>"; };
		ACDBDA632AD7CC7700C44A80 /* Preview Assets.xcassets */ = {isa = PBXFileReference; lastKnownFileType = folder.assetcatalog; path = "Preview Assets.xcassets"; sourceTree = "<group>"; };
		ACF338BF2ADD00DC004D20FC /* File.swift */ = {isa = PBXFileReference; lastKnownFileType = sourcecode.swift; path = File.swift; sourceTree = "<group>"; };
		ACF338C12ADD0136004D20FC /* Page.swift */ = {isa = PBXFileReference; lastKnownFileType = sourcecode.swift; path = Page.swift; sourceTree = "<group>"; };
		ACF338C32ADD0158004D20FC /* Session.swift */ = {isa = PBXFileReference; lastKnownFileType = sourcecode.swift; path = Session.swift; sourceTree = "<group>"; };
		ACF338C52ADD0172004D20FC /* Word.swift */ = {isa = PBXFileReference; lastKnownFileType = sourcecode.swift; path = Word.swift; sourceTree = "<group>"; };
		ACF338C72ADD0327004D20FC /* del.swift */ = {isa = PBXFileReference; lastKnownFileType = sourcecode.swift; path = del.swift; sourceTree = "<group>"; };
/* End PBXFileReference section */

/* Begin PBXFrameworksBuildPhase section */
		ACDBDA562AD7CC7600C44A80 /* Frameworks */ = {
			isa = PBXFrameworksBuildPhase;
			buildActionMask = 2147483647;
			files = (
			);
			runOnlyForDeploymentPostprocessing = 0;
		};
/* End PBXFrameworksBuildPhase section */

/* Begin PBXGroup section */
		4491DFEA2ADD4CCF00CA5B42 /* CoreData */ = {
			isa = PBXGroup;
			children = (
				4491DFEB2ADD4CF800CA5B42 /* Persistence.swift */,
				4491DFED2ADD4D4700CA5B42 /* Blank.xcdatamodeld */,
			);
			path = CoreData;
			sourceTree = "<group>";
		};
		ACDBDA502AD7CC7600C44A80 = {
			isa = PBXGroup;
			children = (
				ACDBDA5B2AD7CC7600C44A80 /* Blank */,
				ACDBDA5A2AD7CC7600C44A80 /* Products */,
			);
			sourceTree = "<group>";
		};
		ACDBDA5A2AD7CC7600C44A80 /* Products */ = {
			isa = PBXGroup;
			children = (
				ACDBDA592AD7CC7600C44A80 /* Blank.app */,
			);
			name = Products;
			sourceTree = "<group>";
		};
		ACDBDA5B2AD7CC7600C44A80 /* Blank */ = {
			isa = PBXGroup;
			children = (
				4491DFEA2ADD4CCF00CA5B42 /* CoreData */,
				ACF338BE2ADD00B7004D20FC /* View */,
				ACF338BD2ADD00B1004D20FC /* Model */,
				ACF338BC2ADD00A4004D20FC /* ViewModel */,
				ACDBDA5C2AD7CC7600C44A80 /* BlankApp.swift */,
				ACDBDA602AD7CC7700C44A80 /* Assets.xcassets */,
				ACDBDA622AD7CC7700C44A80 /* Preview Content */,
			);
			path = Blank;
			sourceTree = "<group>";
		};
		ACDBDA622AD7CC7700C44A80 /* Preview Content */ = {
			isa = PBXGroup;
			children = (
				ACDBDA632AD7CC7700C44A80 /* Preview Assets.xcassets */,
			);
			path = "Preview Content";
			sourceTree = "<group>";
		};
		ACF338BC2ADD00A4004D20FC /* ViewModel */ = {
			isa = PBXGroup;
			children = (
				ACF338C72ADD0327004D20FC /* del.swift */,
			);
			path = ViewModel;
			sourceTree = "<group>";
		};
		ACF338BD2ADD00B1004D20FC /* Model */ = {
			isa = PBXGroup;
			children = (
				ACF338BF2ADD00DC004D20FC /* File.swift */,
				ACF338C12ADD0136004D20FC /* Page.swift */,
				ACF338C32ADD0158004D20FC /* Session.swift */,
				ACF338C52ADD0172004D20FC /* Word.swift */,
			);
			path = Model;
			sourceTree = "<group>";
		};
		ACF338BE2ADD00B7004D20FC /* View */ = {
			isa = PBXGroup;
			children = (
				4491DFF22ADD4EEB00CA5B42 /* PersistenceView.swift */,
				42ED60D72ADE7F910043AF2F /* PDFThumbnailView.swift */,
				42ED60C52ADE7EDB0043AF2F /* HomeView.swift */,
				42ED60C72ADE7EF50043AF2F /* OverView.swift */,
				42ED60C92ADE7F090043AF2F /* OverViewModalView.swift */,
				42ED60CB2ADE7F1A0043AF2F /* WordSelectView.swift */,
				42ED60CD2ADE7F290043AF2F /* OCREditView.swift */,
				42ED60CF2ADE7F380043AF2F /* ScribbleModalView.swift */,
				42ED60D12ADE7F450043AF2F /* TestPageView.swift */,
				42ED60D32ADE7F570043AF2F /* ResultPageView.swift */,
				42ED60D52ADE7F6C0043AF2F /* CorrectInfoView.swift */,
			);
			path = View;
			sourceTree = "<group>";
		};
/* End PBXGroup section */

/* Begin PBXNativeTarget section */
		ACDBDA582AD7CC7600C44A80 /* Blank */ = {
			isa = PBXNativeTarget;
			buildConfigurationList = ACDBDA672AD7CC7700C44A80 /* Build configuration list for PBXNativeTarget "Blank" */;
			buildPhases = (
				ACDBDA552AD7CC7600C44A80 /* Sources */,
				ACDBDA562AD7CC7600C44A80 /* Frameworks */,
				ACDBDA572AD7CC7600C44A80 /* Resources */,
			);
			buildRules = (
			);
			dependencies = (
			);
			name = Blank;
			productName = Blank;
			productReference = ACDBDA592AD7CC7600C44A80 /* Blank.app */;
			productType = "com.apple.product-type.application";
		};
/* End PBXNativeTarget section */

/* Begin PBXProject section */
		ACDBDA512AD7CC7600C44A80 /* Project object */ = {
			isa = PBXProject;
			attributes = {
				BuildIndependentTargetsInParallel = 1;
				LastSwiftUpdateCheck = 1500;
				LastUpgradeCheck = 1500;
				TargetAttributes = {
					ACDBDA582AD7CC7600C44A80 = {
						CreatedOnToolsVersion = 15.0;
					};
				};
			};
			buildConfigurationList = ACDBDA542AD7CC7600C44A80 /* Build configuration list for PBXProject "Blank" */;
			compatibilityVersion = "Xcode 14.0";
			developmentRegion = en;
			hasScannedForEncodings = 0;
			knownRegions = (
				en,
				Base,
			);
			mainGroup = ACDBDA502AD7CC7600C44A80;
			productRefGroup = ACDBDA5A2AD7CC7600C44A80 /* Products */;
			projectDirPath = "";
			projectRoot = "";
			targets = (
				ACDBDA582AD7CC7600C44A80 /* Blank */,
			);
		};
/* End PBXProject section */

/* Begin PBXResourcesBuildPhase section */
		ACDBDA572AD7CC7600C44A80 /* Resources */ = {
			isa = PBXResourcesBuildPhase;
			buildActionMask = 2147483647;
			files = (
				ACDBDA642AD7CC7700C44A80 /* Preview Assets.xcassets in Resources */,
				ACDBDA612AD7CC7700C44A80 /* Assets.xcassets in Resources */,
			);
			runOnlyForDeploymentPostprocessing = 0;
		};
/* End PBXResourcesBuildPhase section */

/* Begin PBXSourcesBuildPhase section */
		ACDBDA552AD7CC7600C44A80 /* Sources */ = {
			isa = PBXSourcesBuildPhase;
			buildActionMask = 2147483647;
			files = (
				42ED60D02ADE7F380043AF2F /* ScribbleModalView.swift in Sources */,
				ACF338C42ADD0158004D20FC /* Session.swift in Sources */,
				42ED60D82ADE7F910043AF2F /* PDFThumbnailView.swift in Sources */,
				4491DFEC2ADD4CF800CA5B42 /* Persistence.swift in Sources */,
				42ED60CE2ADE7F290043AF2F /* OCREditView.swift in Sources */,
				ACF338C02ADD00DC004D20FC /* File.swift in Sources */,
				42ED60C82ADE7EF50043AF2F /* OverView.swift in Sources */,
				ACF338C22ADD0136004D20FC /* Page.swift in Sources */,
				42ED60CA2ADE7F090043AF2F /* OverViewModalView.swift in Sources */,
				42ED60C62ADE7EDB0043AF2F /* HomeView.swift in Sources */,
				ACF338C82ADD0327004D20FC /* del.swift in Sources */,
				4491DFEF2ADD4D4700CA5B42 /* Blank.xcdatamodeld in Sources */,
				42ED60D22ADE7F450043AF2F /* TestPageView.swift in Sources */,
				42ED60CC2ADE7F1A0043AF2F /* WordSelectView.swift in Sources */,
				42ED60D42ADE7F570043AF2F /* ResultPageView.swift in Sources */,
				ACDBDA5D2AD7CC7600C44A80 /* BlankApp.swift in Sources */,
				4491DFF32ADD4EEB00CA5B42 /* PersistenceView.swift in Sources */,
				42ED60D62ADE7F6C0043AF2F /* CorrectInfoView.swift in Sources */,
				ACF338C62ADD0172004D20FC /* Word.swift in Sources */,
			);
			runOnlyForDeploymentPostprocessing = 0;
		};
/* End PBXSourcesBuildPhase section */

/* Begin XCBuildConfiguration section */
		ACDBDA652AD7CC7700C44A80 /* Debug */ = {
			isa = XCBuildConfiguration;
			buildSettings = {
				ALWAYS_SEARCH_USER_PATHS = NO;
				ASSETCATALOG_COMPILER_GENERATE_SWIFT_ASSET_SYMBOL_EXTENSIONS = YES;
				CLANG_ANALYZER_NONNULL = YES;
				CLANG_ANALYZER_NUMBER_OBJECT_CONVERSION = YES_AGGRESSIVE;
				CLANG_CXX_LANGUAGE_STANDARD = "gnu++20";
				CLANG_ENABLE_MODULES = YES;
				CLANG_ENABLE_OBJC_ARC = YES;
				CLANG_ENABLE_OBJC_WEAK = YES;
				CLANG_WARN_BLOCK_CAPTURE_AUTORELEASING = YES;
				CLANG_WARN_BOOL_CONVERSION = YES;
				CLANG_WARN_COMMA = YES;
				CLANG_WARN_CONSTANT_CONVERSION = YES;
				CLANG_WARN_DEPRECATED_OBJC_IMPLEMENTATIONS = YES;
				CLANG_WARN_DIRECT_OBJC_ISA_USAGE = YES_ERROR;
				CLANG_WARN_DOCUMENTATION_COMMENTS = YES;
				CLANG_WARN_EMPTY_BODY = YES;
				CLANG_WARN_ENUM_CONVERSION = YES;
				CLANG_WARN_INFINITE_RECURSION = YES;
				CLANG_WARN_INT_CONVERSION = YES;
				CLANG_WARN_NON_LITERAL_NULL_CONVERSION = YES;
				CLANG_WARN_OBJC_IMPLICIT_RETAIN_SELF = YES;
				CLANG_WARN_OBJC_LITERAL_CONVERSION = YES;
				CLANG_WARN_OBJC_ROOT_CLASS = YES_ERROR;
				CLANG_WARN_QUOTED_INCLUDE_IN_FRAMEWORK_HEADER = YES;
				CLANG_WARN_RANGE_LOOP_ANALYSIS = YES;
				CLANG_WARN_STRICT_PROTOTYPES = YES;
				CLANG_WARN_SUSPICIOUS_MOVE = YES;
				CLANG_WARN_UNGUARDED_AVAILABILITY = YES_AGGRESSIVE;
				CLANG_WARN_UNREACHABLE_CODE = YES;
				CLANG_WARN__DUPLICATE_METHOD_MATCH = YES;
				COPY_PHASE_STRIP = NO;
				DEBUG_INFORMATION_FORMAT = dwarf;
				ENABLE_STRICT_OBJC_MSGSEND = YES;
				ENABLE_TESTABILITY = YES;
				ENABLE_USER_SCRIPT_SANDBOXING = YES;
				GCC_C_LANGUAGE_STANDARD = gnu17;
				GCC_DYNAMIC_NO_PIC = NO;
				GCC_NO_COMMON_BLOCKS = YES;
				GCC_OPTIMIZATION_LEVEL = 0;
				GCC_PREPROCESSOR_DEFINITIONS = (
					"DEBUG=1",
					"$(inherited)",
				);
				GCC_WARN_64_TO_32_BIT_CONVERSION = YES;
				GCC_WARN_ABOUT_RETURN_TYPE = YES_ERROR;
				GCC_WARN_UNDECLARED_SELECTOR = YES;
				GCC_WARN_UNINITIALIZED_AUTOS = YES_AGGRESSIVE;
				GCC_WARN_UNUSED_FUNCTION = YES;
				GCC_WARN_UNUSED_VARIABLE = YES;
				IPHONEOS_DEPLOYMENT_TARGET = 17.0;
				LOCALIZATION_PREFERS_STRING_CATALOGS = YES;
				MTL_ENABLE_DEBUG_INFO = INCLUDE_SOURCE;
				MTL_FAST_MATH = YES;
				ONLY_ACTIVE_ARCH = YES;
				SDKROOT = iphoneos;
				SWIFT_ACTIVE_COMPILATION_CONDITIONS = "DEBUG $(inherited)";
				SWIFT_OPTIMIZATION_LEVEL = "-Onone";
			};
			name = Debug;
		};
		ACDBDA662AD7CC7700C44A80 /* Release */ = {
			isa = XCBuildConfiguration;
			buildSettings = {
				ALWAYS_SEARCH_USER_PATHS = NO;
				ASSETCATALOG_COMPILER_GENERATE_SWIFT_ASSET_SYMBOL_EXTENSIONS = YES;
				CLANG_ANALYZER_NONNULL = YES;
				CLANG_ANALYZER_NUMBER_OBJECT_CONVERSION = YES_AGGRESSIVE;
				CLANG_CXX_LANGUAGE_STANDARD = "gnu++20";
				CLANG_ENABLE_MODULES = YES;
				CLANG_ENABLE_OBJC_ARC = YES;
				CLANG_ENABLE_OBJC_WEAK = YES;
				CLANG_WARN_BLOCK_CAPTURE_AUTORELEASING = YES;
				CLANG_WARN_BOOL_CONVERSION = YES;
				CLANG_WARN_COMMA = YES;
				CLANG_WARN_CONSTANT_CONVERSION = YES;
				CLANG_WARN_DEPRECATED_OBJC_IMPLEMENTATIONS = YES;
				CLANG_WARN_DIRECT_OBJC_ISA_USAGE = YES_ERROR;
				CLANG_WARN_DOCUMENTATION_COMMENTS = YES;
				CLANG_WARN_EMPTY_BODY = YES;
				CLANG_WARN_ENUM_CONVERSION = YES;
				CLANG_WARN_INFINITE_RECURSION = YES;
				CLANG_WARN_INT_CONVERSION = YES;
				CLANG_WARN_NON_LITERAL_NULL_CONVERSION = YES;
				CLANG_WARN_OBJC_IMPLICIT_RETAIN_SELF = YES;
				CLANG_WARN_OBJC_LITERAL_CONVERSION = YES;
				CLANG_WARN_OBJC_ROOT_CLASS = YES_ERROR;
				CLANG_WARN_QUOTED_INCLUDE_IN_FRAMEWORK_HEADER = YES;
				CLANG_WARN_RANGE_LOOP_ANALYSIS = YES;
				CLANG_WARN_STRICT_PROTOTYPES = YES;
				CLANG_WARN_SUSPICIOUS_MOVE = YES;
				CLANG_WARN_UNGUARDED_AVAILABILITY = YES_AGGRESSIVE;
				CLANG_WARN_UNREACHABLE_CODE = YES;
				CLANG_WARN__DUPLICATE_METHOD_MATCH = YES;
				COPY_PHASE_STRIP = NO;
				DEBUG_INFORMATION_FORMAT = "dwarf-with-dsym";
				ENABLE_NS_ASSERTIONS = NO;
				ENABLE_STRICT_OBJC_MSGSEND = YES;
				ENABLE_USER_SCRIPT_SANDBOXING = YES;
				GCC_C_LANGUAGE_STANDARD = gnu17;
				GCC_NO_COMMON_BLOCKS = YES;
				GCC_WARN_64_TO_32_BIT_CONVERSION = YES;
				GCC_WARN_ABOUT_RETURN_TYPE = YES_ERROR;
				GCC_WARN_UNDECLARED_SELECTOR = YES;
				GCC_WARN_UNINITIALIZED_AUTOS = YES_AGGRESSIVE;
				GCC_WARN_UNUSED_FUNCTION = YES;
				GCC_WARN_UNUSED_VARIABLE = YES;
				IPHONEOS_DEPLOYMENT_TARGET = 17.0;
				LOCALIZATION_PREFERS_STRING_CATALOGS = YES;
				MTL_ENABLE_DEBUG_INFO = NO;
				MTL_FAST_MATH = YES;
				SDKROOT = iphoneos;
				SWIFT_COMPILATION_MODE = wholemodule;
				VALIDATE_PRODUCT = YES;
			};
			name = Release;
		};
		ACDBDA682AD7CC7700C44A80 /* Debug */ = {
			isa = XCBuildConfiguration;
			buildSettings = {
				ASSETCATALOG_COMPILER_APPICON_NAME = AppIcon;
				ASSETCATALOG_COMPILER_GLOBAL_ACCENT_COLOR_NAME = AccentColor;
				CODE_SIGN_STYLE = Automatic;
				CURRENT_PROJECT_VERSION = 1;
				DEVELOPMENT_ASSET_PATHS = "\"Blank/Preview Content\"";
				DEVELOPMENT_TEAM = Q83JD2ZC9T;
				ENABLE_PREVIEWS = YES;
				GENERATE_INFOPLIST_FILE = YES;
				INFOPLIST_KEY_LSApplicationCategoryType = "public.app-category.education";
				INFOPLIST_KEY_UIApplicationSceneManifest_Generation = YES;
				INFOPLIST_KEY_UIApplicationSupportsIndirectInputEvents = YES;
				INFOPLIST_KEY_UILaunchScreen_Generation = YES;
				INFOPLIST_KEY_UISupportedInterfaceOrientations_iPad = "UIInterfaceOrientationPortrait UIInterfaceOrientationPortraitUpsideDown UIInterfaceOrientationLandscapeLeft UIInterfaceOrientationLandscapeRight";
				INFOPLIST_KEY_UISupportedInterfaceOrientations_iPhone = "UIInterfaceOrientationPortrait UIInterfaceOrientationLandscapeLeft UIInterfaceOrientationLandscapeRight";
				IPHONEOS_DEPLOYMENT_TARGET = 16.0;
				LD_RUNPATH_SEARCH_PATHS = (
					"$(inherited)",
					"@executable_path/Frameworks",
				);
				MARKETING_VERSION = 1.0;
				PRODUCT_BUNDLE_IDENTIFIER = com.KyungsupGo.Blank;
				PRODUCT_NAME = "$(TARGET_NAME)";
				SUPPORTED_PLATFORMS = "iphoneos iphonesimulator";
				SUPPORTS_MACCATALYST = NO;
				SUPPORTS_MAC_DESIGNED_FOR_IPHONE_IPAD = NO;
				SWIFT_EMIT_LOC_STRINGS = YES;
				SWIFT_VERSION = 5.0;
				TARGETED_DEVICE_FAMILY = 2;
			};
			name = Debug;
		};
		ACDBDA692AD7CC7700C44A80 /* Release */ = {
			isa = XCBuildConfiguration;
			buildSettings = {
				ASSETCATALOG_COMPILER_APPICON_NAME = AppIcon;
				ASSETCATALOG_COMPILER_GLOBAL_ACCENT_COLOR_NAME = AccentColor;
				CODE_SIGN_STYLE = Automatic;
				CURRENT_PROJECT_VERSION = 1;
				DEVELOPMENT_ASSET_PATHS = "\"Blank/Preview Content\"";
				DEVELOPMENT_TEAM = Q83JD2ZC9T;
				ENABLE_PREVIEWS = YES;
				GENERATE_INFOPLIST_FILE = YES;
				INFOPLIST_KEY_LSApplicationCategoryType = "public.app-category.education";
				INFOPLIST_KEY_UIApplicationSceneManifest_Generation = YES;
				INFOPLIST_KEY_UIApplicationSupportsIndirectInputEvents = YES;
				INFOPLIST_KEY_UILaunchScreen_Generation = YES;
				INFOPLIST_KEY_UISupportedInterfaceOrientations_iPad = "UIInterfaceOrientationPortrait UIInterfaceOrientationPortraitUpsideDown UIInterfaceOrientationLandscapeLeft UIInterfaceOrientationLandscapeRight";
				INFOPLIST_KEY_UISupportedInterfaceOrientations_iPhone = "UIInterfaceOrientationPortrait UIInterfaceOrientationLandscapeLeft UIInterfaceOrientationLandscapeRight";
				IPHONEOS_DEPLOYMENT_TARGET = 16.0;
				LD_RUNPATH_SEARCH_PATHS = (
					"$(inherited)",
					"@executable_path/Frameworks",
				);
				MARKETING_VERSION = 1.0;
				PRODUCT_BUNDLE_IDENTIFIER = com.KyungsupGo.Blank;
				PRODUCT_NAME = "$(TARGET_NAME)";
				SUPPORTED_PLATFORMS = "iphoneos iphonesimulator";
				SUPPORTS_MACCATALYST = NO;
				SUPPORTS_MAC_DESIGNED_FOR_IPHONE_IPAD = NO;
				SWIFT_EMIT_LOC_STRINGS = YES;
				SWIFT_VERSION = 5.0;
				TARGETED_DEVICE_FAMILY = 2;
			};
			name = Release;
		};
/* End XCBuildConfiguration section */

/* Begin XCConfigurationList section */
		ACDBDA542AD7CC7600C44A80 /* Build configuration list for PBXProject "Blank" */ = {
			isa = XCConfigurationList;
			buildConfigurations = (
				ACDBDA652AD7CC7700C44A80 /* Debug */,
				ACDBDA662AD7CC7700C44A80 /* Release */,
			);
			defaultConfigurationIsVisible = 0;
			defaultConfigurationName = Release;
		};
		ACDBDA672AD7CC7700C44A80 /* Build configuration list for PBXNativeTarget "Blank" */ = {
			isa = XCConfigurationList;
			buildConfigurations = (
				ACDBDA682AD7CC7700C44A80 /* Debug */,
				ACDBDA692AD7CC7700C44A80 /* Release */,
			);
			defaultConfigurationIsVisible = 0;
			defaultConfigurationName = Release;
		};
/* End XCConfigurationList section */

/* Begin XCVersionGroup section */
		4491DFED2ADD4D4700CA5B42 /* Blank.xcdatamodeld */ = {
			isa = XCVersionGroup;
			children = (
				4491DFEE2ADD4D4700CA5B42 /* Blank.xcdatamodel */,
			);
			currentVersion = 4491DFEE2ADD4D4700CA5B42 /* Blank.xcdatamodel */;
			path = Blank.xcdatamodeld;
			sourceTree = "<group>";
			versionGroupType = wrapper.xcdatamodel;
		};
/* End XCVersionGroup section */
	};
	rootObject = ACDBDA512AD7CC7600C44A80 /* Project object */;
}
