// !$*UTF8*$!
{
	archiveVersion = 1;
	classes = {
	};
	objectVersion = 56;
	objects = {

/* Begin PBXBuildFile section */
		422355C72B0CA54300905F76 /* Color+.swift in Sources */ = {isa = PBXBuildFile; fileRef = 422355C62B0CA54300905F76 /* Color+.swift */; };
		425D4E422AEF8EA800610BE8 /* ZoomableContainer.swift in Sources */ = {isa = PBXBuildFile; fileRef = 425D4E412AEF8EA800610BE8 /* ZoomableContainer.swift */; };
		425D4E462AF0EEEF00610BE8 /* NavigationUtil.swift in Sources */ = {isa = PBXBuildFile; fileRef = 425D4E452AF0EEEF00610BE8 /* NavigationUtil.swift */; };
		42E7638A2AE1229700624D81 /* OverViewModel.swift in Sources */ = {isa = PBXBuildFile; fileRef = 42E763892AE1229700624D81 /* OverViewModel.swift */; };
		42ED60C62ADE7EDB0043AF2F /* HomeView.swift in Sources */ = {isa = PBXBuildFile; fileRef = 42ED60C52ADE7EDB0043AF2F /* HomeView.swift */; };
		42ED60C82ADE7EF50043AF2F /* OverView.swift in Sources */ = {isa = PBXBuildFile; fileRef = 42ED60C72ADE7EF50043AF2F /* OverView.swift */; };
		42ED60CA2ADE7F090043AF2F /* OverViewModalView.swift in Sources */ = {isa = PBXBuildFile; fileRef = 42ED60C92ADE7F090043AF2F /* OverViewModalView.swift */; };
		42ED60CC2ADE7F1A0043AF2F /* WordSelectView.swift in Sources */ = {isa = PBXBuildFile; fileRef = 42ED60CB2ADE7F1A0043AF2F /* WordSelectView.swift */; };
		42ED60CE2ADE7F290043AF2F /* OCREditView.swift in Sources */ = {isa = PBXBuildFile; fileRef = 42ED60CD2ADE7F290043AF2F /* OCREditView.swift */; };
		42ED60D22ADE7F450043AF2F /* TestPageView.swift in Sources */ = {isa = PBXBuildFile; fileRef = 42ED60D12ADE7F450043AF2F /* TestPageView.swift */; };
		42ED60D42ADE7F570043AF2F /* ResultPageView.swift in Sources */ = {isa = PBXBuildFile; fileRef = 42ED60D32ADE7F570043AF2F /* ResultPageView.swift */; };
		42ED60D62ADE7F6C0043AF2F /* CorrectInfoView.swift in Sources */ = {isa = PBXBuildFile; fileRef = 42ED60D52ADE7F6C0043AF2F /* CorrectInfoView.swift */; };
		42ED60D82ADE7F910043AF2F /* PDFThumbnailView.swift in Sources */ = {isa = PBXBuildFile; fileRef = 42ED60D72ADE7F910043AF2F /* PDFThumbnailView.swift */; };
		4418D0432AEF99A7000EF661 /* PopupView in Frameworks */ = {isa = PBXBuildFile; productRef = 4418D0422AEF99A7000EF661 /* PopupView */; };
		4418D0452AEFECBA000EF661 /* TextViewModel.swift in Sources */ = {isa = PBXBuildFile; fileRef = 4418D0442AEFECBA000EF661 /* TextViewModel.swift */; };
		444E6A632AF2535200AEC703 /* SessionStatistics.swift in Sources */ = {isa = PBXBuildFile; fileRef = 444E6A622AF2535200AEC703 /* SessionStatistics.swift */; };
		444E6A652AF2587000AEC703 /* Double.swift in Sources */ = {isa = PBXBuildFile; fileRef = 444E6A642AF2587000AEC703 /* Double.swift */; };
		444E6A672AF26B1A00AEC703 /* WordStatistics.swift in Sources */ = {isa = PBXBuildFile; fileRef = 444E6A662AF26B1A00AEC703 /* WordStatistics.swift */; };
		445F79682AFB89E6007D4998 /* ImageUtil.swift in Sources */ = {isa = PBXBuildFile; fileRef = 445F79672AFB89E6007D4998 /* ImageUtil.swift */; };
		4482896E2B09117B00F5912E /* SelectFolderView.swift in Sources */ = {isa = PBXBuildFile; fileRef = 4482896D2B09117B00F5912E /* SelectFolderView.swift */; };
		448289702B09143A00F5912E /* SelectFolderViewModel.swift in Sources */ = {isa = PBXBuildFile; fileRef = 4482896F2B09143A00F5912E /* SelectFolderViewModel.swift */; };
		448289722B0B60E800F5912E /* TouchRepresentedView.swift in Sources */ = {isa = PBXBuildFile; fileRef = 448289712B0B60E700F5912E /* TouchRepresentedView.swift */; };
		4491DFAA2ADD1E2E00CA5B42 /* HomeViewModel.swift in Sources */ = {isa = PBXBuildFile; fileRef = 4491DFA92ADD1E2E00CA5B42 /* HomeViewModel.swift */; };
		4491DFEC2ADD4CF800CA5B42 /* Persistence.swift in Sources */ = {isa = PBXBuildFile; fileRef = 4491DFEB2ADD4CF800CA5B42 /* Persistence.swift */; };
		4491DFEF2ADD4D4700CA5B42 /* Blank.xcdatamodeld in Sources */ = {isa = PBXBuildFile; fileRef = 4491DFED2ADD4D4700CA5B42 /* Blank.xcdatamodeld */; };
		4491DFF32ADD4EEB00CA5B42 /* PersistenceView.swift in Sources */ = {isa = PBXBuildFile; fileRef = 4491DFF22ADD4EEB00CA5B42 /* PersistenceView.swift */; };
		4491DFF82ADECF7F00CA5B42 /* FileMananger+.swift in Sources */ = {isa = PBXBuildFile; fileRef = 4491DFF62ADECF7F00CA5B42 /* FileMananger+.swift */; };
		4491DFF92ADECF7F00CA5B42 /* UIImage+.swift in Sources */ = {isa = PBXBuildFile; fileRef = 4491DFF72ADECF7F00CA5B42 /* UIImage+.swift */; };
		449CB1DA2ADED6C10086758A /* DocumentPickerRepresentedView.swift in Sources */ = {isa = PBXBuildFile; fileRef = 449CB1D92ADED6C10086758A /* DocumentPickerRepresentedView.swift */; };
		449CB1E72ADEDC5E0086758A /* DummyObjects.swift in Sources */ = {isa = PBXBuildFile; fileRef = 449CB1E62ADEDC5E0086758A /* DummyObjects.swift */; };
		449CB1EA2ADEE0460086758A /* PDFUtil.swift in Sources */ = {isa = PBXBuildFile; fileRef = 449CB1E92ADEE0460086758A /* PDFUtil.swift */; };
		449CB1EC2ADFAF560086758A /* PhotoPickerRepresentedView.swift in Sources */ = {isa = PBXBuildFile; fileRef = 449CB1EB2ADFAF560086758A /* PhotoPickerRepresentedView.swift */; };
		449CB1F02AE14A290086758A /* CGRect+.swift in Sources */ = {isa = PBXBuildFile; fileRef = 449CB1EF2AE14A290086758A /* CGRect+.swift */; };
		449CB1F72AE2BD1C0086758A /* CDService.swift in Sources */ = {isa = PBXBuildFile; fileRef = 449CB1F62AE2BD1C0086758A /* CDService.swift */; };
		449F7A982B05F903003425AF /* FileSystem.swift in Sources */ = {isa = PBXBuildFile; fileRef = 449F7A972B05F903003425AF /* FileSystem.swift */; };
		449F7A9A2B05F924003425AF /* Folder.swift in Sources */ = {isa = PBXBuildFile; fileRef = 449F7A992B05F924003425AF /* Folder.swift */; };
		449F7A9C2B0610CB003425AF /* FolderThumbnailView.swift in Sources */ = {isa = PBXBuildFile; fileRef = 449F7A9B2B0610CB003425AF /* FolderThumbnailView.swift */; };
		449F7A9F2B06216F003425AF /* ProgressStatusView.swift in Sources */ = {isa = PBXBuildFile; fileRef = 449F7A9E2B06216F003425AF /* ProgressStatusView.swift */; };
		44A556742AE43774002AE4C3 /* Int+.swift in Sources */ = {isa = PBXBuildFile; fileRef = 44A556732AE43774002AE4C3 /* Int+.swift */; };
		44A556762AE52990002AE4C3 /* String+.swift in Sources */ = {isa = PBXBuildFile; fileRef = 44A556752AE52990002AE4C3 /* String+.swift */; };
		44F30BE22AE579E200B67014 /* APICRUDView.swift in Sources */ = {isa = PBXBuildFile; fileRef = 44F30BE12AE579E200B67014 /* APICRUDView.swift */; };
		44F30BE42AE6738000B67014 /* WordSelectViewModel.swift in Sources */ = {isa = PBXBuildFile; fileRef = 44F30BE32AE6738000B67014 /* WordSelectViewModel.swift */; };
		44F30BE62AE6781F00B67014 /* BasicWord.swift in Sources */ = {isa = PBXBuildFile; fileRef = 44F30BE52AE6781F00B67014 /* BasicWord.swift */; };
		44F30BEC2AE6B61E00B67014 /* ScoringTestView.swift in Sources */ = {isa = PBXBuildFile; fileRef = 44F30BEB2AE6B61E00B67014 /* ScoringTestView.swift */; };
		44F30BEE2AE74AA800B67014 /* ScoringViewModel.swift in Sources */ = {isa = PBXBuildFile; fileRef = 44F30BED2AE74AA800B67014 /* ScoringViewModel.swift */; };
		AC28517A2AE7292500C70F4F /* OverViewImageView.swift in Sources */ = {isa = PBXBuildFile; fileRef = AC2851792AE7292500C70F4F /* OverViewImageView.swift */; };
		AC3E63762B01F5BB000C2944 /* samplePDF.pdf in Resources */ = {isa = PBXBuildFile; fileRef = AC3E63752B01F5BB000C2944 /* samplePDF.pdf */; };
		ACDBDA5D2AD7CC7600C44A80 /* BlankApp.swift in Sources */ = {isa = PBXBuildFile; fileRef = ACDBDA5C2AD7CC7600C44A80 /* BlankApp.swift */; };
		ACDBDA612AD7CC7700C44A80 /* Assets.xcassets in Resources */ = {isa = PBXBuildFile; fileRef = ACDBDA602AD7CC7700C44A80 /* Assets.xcassets */; };
		ACDBDA642AD7CC7700C44A80 /* Preview Assets.xcassets in Resources */ = {isa = PBXBuildFile; fileRef = ACDBDA632AD7CC7700C44A80 /* Preview Assets.xcassets */; };
		ACE0A6582AFA223B005031FE /* RecognizeText.swift in Sources */ = {isa = PBXBuildFile; fileRef = ACE0A6572AFA223B005031FE /* RecognizeText.swift */; };
		ACE0A65A2AFAB117005031FE /* PencilDobuleTapInteractionView.swift in Sources */ = {isa = PBXBuildFile; fileRef = ACE0A6592AFAB117005031FE /* PencilDobuleTapInteractionView.swift */; };
		ACF338C02ADD00DC004D20FC /* File.swift in Sources */ = {isa = PBXBuildFile; fileRef = ACF338BF2ADD00DC004D20FC /* File.swift */; };
		ACF338C22ADD0136004D20FC /* Page.swift in Sources */ = {isa = PBXBuildFile; fileRef = ACF338C12ADD0136004D20FC /* Page.swift */; };
		ACF338C42ADD0158004D20FC /* Session.swift in Sources */ = {isa = PBXBuildFile; fileRef = ACF338C32ADD0158004D20FC /* Session.swift */; };
		ACF338C62ADD0172004D20FC /* Word.swift in Sources */ = {isa = PBXBuildFile; fileRef = ACF338C52ADD0172004D20FC /* Word.swift */; };
		EB0B16C22AF239020040B0B2 /* PlayerUIView.swift in Sources */ = {isa = PBXBuildFile; fileRef = EB0B16C12AF239020040B0B2 /* PlayerUIView.swift */; };
		EB0B16C42AF23B780040B0B2 /* insert.mov in Resources */ = {isa = PBXBuildFile; fileRef = EB0B16C32AF23B780040B0B2 /* insert.mov */; };
		EB0B16CA2AFA17640040B0B2 /* PlayerViewModel.swift in Sources */ = {isa = PBXBuildFile; fileRef = EB0B16C92AFA17640040B0B2 /* PlayerViewModel.swift */; };
		EB3EBD0E2B075F0E001160B0 /* View+.swift in Sources */ = {isa = PBXBuildFile; fileRef = EB3EBD0D2B075F0E001160B0 /* View+.swift */; };
		EB69FC7D2AE6C71F00ADF7B6 /* TestPageImageView.swift in Sources */ = {isa = PBXBuildFile; fileRef = EB69FC7C2AE6C71F00ADF7B6 /* TestPageImageView.swift */; };
		EB8978ED2AE5644400494BE7 /* handWrite.mov in Resources */ = {isa = PBXBuildFile; fileRef = EB8978E82AE5644400494BE7 /* handWrite.mov */; };
		EB8978EF2AE5644400494BE7 /* delete.mov in Resources */ = {isa = PBXBuildFile; fileRef = EB8978EA2AE5644400494BE7 /* delete.mov */; };
		EB8978F02AE5644400494BE7 /* select.mov in Resources */ = {isa = PBXBuildFile; fileRef = EB8978EB2AE5644400494BE7 /* select.mov */; };
		EB8978F12AE5644400494BE7 /* link.mov in Resources */ = {isa = PBXBuildFile; fileRef = EB8978EC2AE5644400494BE7 /* link.mov */; };
		EB8978FB2AE6A0BC00494BE7 /* TextView.swift in Sources */ = {isa = PBXBuildFile; fileRef = EB8978FA2AE6A0BC00494BE7 /* TextView.swift */; };
		EB8978FD2AE6A16900494BE7 /* OCRImageView.swift in Sources */ = {isa = PBXBuildFile; fileRef = EB8978FC2AE6A16900494BE7 /* OCRImageView.swift */; };
		EBEB72622AE0BC8500316D66 /* ImageView.swift in Sources */ = {isa = PBXBuildFile; fileRef = EBEB72612AE0BC8500316D66 /* ImageView.swift */; };
		EBEB727F2AE548C400316D66 /* ScribbleModalView.swift in Sources */ = {isa = PBXBuildFile; fileRef = EBEB727E2AE548C400316D66 /* ScribbleModalView.swift */; };
		EBEB72812AE548F700316D66 /* ScribbleVideoView.swift in Sources */ = {isa = PBXBuildFile; fileRef = EBEB72802AE548F700316D66 /* ScribbleVideoView.swift */; };
		EBEB72832AE5491200316D66 /* ScribbleType.swift in Sources */ = {isa = PBXBuildFile; fileRef = EBEB72822AE5491200316D66 /* ScribbleType.swift */; };
/* End PBXBuildFile section */

/* Begin PBXFileReference section */
		422355C62B0CA54300905F76 /* Color+.swift */ = {isa = PBXFileReference; lastKnownFileType = sourcecode.swift; path = "Color+.swift"; sourceTree = "<group>"; };
		425D4E412AEF8EA800610BE8 /* ZoomableContainer.swift */ = {isa = PBXFileReference; lastKnownFileType = sourcecode.swift; path = ZoomableContainer.swift; sourceTree = "<group>"; };
		425D4E452AF0EEEF00610BE8 /* NavigationUtil.swift */ = {isa = PBXFileReference; lastKnownFileType = sourcecode.swift; path = NavigationUtil.swift; sourceTree = "<group>"; };
		42E763892AE1229700624D81 /* OverViewModel.swift */ = {isa = PBXFileReference; lastKnownFileType = sourcecode.swift; path = OverViewModel.swift; sourceTree = "<group>"; };
		42ED60C52ADE7EDB0043AF2F /* HomeView.swift */ = {isa = PBXFileReference; lastKnownFileType = sourcecode.swift; path = HomeView.swift; sourceTree = "<group>"; };
		42ED60C72ADE7EF50043AF2F /* OverView.swift */ = {isa = PBXFileReference; lastKnownFileType = sourcecode.swift; path = OverView.swift; sourceTree = "<group>"; };
		42ED60C92ADE7F090043AF2F /* OverViewModalView.swift */ = {isa = PBXFileReference; lastKnownFileType = sourcecode.swift; path = OverViewModalView.swift; sourceTree = "<group>"; };
		42ED60CB2ADE7F1A0043AF2F /* WordSelectView.swift */ = {isa = PBXFileReference; lastKnownFileType = sourcecode.swift; path = WordSelectView.swift; sourceTree = "<group>"; };
		42ED60CD2ADE7F290043AF2F /* OCREditView.swift */ = {isa = PBXFileReference; lastKnownFileType = sourcecode.swift; path = OCREditView.swift; sourceTree = "<group>"; };
		42ED60D12ADE7F450043AF2F /* TestPageView.swift */ = {isa = PBXFileReference; lastKnownFileType = sourcecode.swift; path = TestPageView.swift; sourceTree = "<group>"; };
		42ED60D32ADE7F570043AF2F /* ResultPageView.swift */ = {isa = PBXFileReference; lastKnownFileType = sourcecode.swift; path = ResultPageView.swift; sourceTree = "<group>"; };
		42ED60D52ADE7F6C0043AF2F /* CorrectInfoView.swift */ = {isa = PBXFileReference; lastKnownFileType = sourcecode.swift; path = CorrectInfoView.swift; sourceTree = "<group>"; };
		42ED60D72ADE7F910043AF2F /* PDFThumbnailView.swift */ = {isa = PBXFileReference; lastKnownFileType = sourcecode.swift; path = PDFThumbnailView.swift; sourceTree = "<group>"; };
		4418D0442AEFECBA000EF661 /* TextViewModel.swift */ = {isa = PBXFileReference; lastKnownFileType = sourcecode.swift; path = TextViewModel.swift; sourceTree = "<group>"; };
		444E6A622AF2535200AEC703 /* SessionStatistics.swift */ = {isa = PBXFileReference; lastKnownFileType = sourcecode.swift; path = SessionStatistics.swift; sourceTree = "<group>"; };
		444E6A642AF2587000AEC703 /* Double.swift */ = {isa = PBXFileReference; lastKnownFileType = sourcecode.swift; path = Double.swift; sourceTree = "<group>"; };
		444E6A662AF26B1A00AEC703 /* WordStatistics.swift */ = {isa = PBXFileReference; lastKnownFileType = sourcecode.swift; path = WordStatistics.swift; sourceTree = "<group>"; };
		445F79672AFB89E6007D4998 /* ImageUtil.swift */ = {isa = PBXFileReference; lastKnownFileType = sourcecode.swift; path = ImageUtil.swift; sourceTree = "<group>"; };
		4482896D2B09117B00F5912E /* SelectFolderView.swift */ = {isa = PBXFileReference; lastKnownFileType = sourcecode.swift; path = SelectFolderView.swift; sourceTree = "<group>"; };
		4482896F2B09143A00F5912E /* SelectFolderViewModel.swift */ = {isa = PBXFileReference; lastKnownFileType = sourcecode.swift; path = SelectFolderViewModel.swift; sourceTree = "<group>"; };
		448289712B0B60E700F5912E /* TouchRepresentedView.swift */ = {isa = PBXFileReference; lastKnownFileType = sourcecode.swift; path = TouchRepresentedView.swift; sourceTree = "<group>"; };
		4491DFA92ADD1E2E00CA5B42 /* HomeViewModel.swift */ = {isa = PBXFileReference; lastKnownFileType = sourcecode.swift; path = HomeViewModel.swift; sourceTree = "<group>"; };
		4491DFEB2ADD4CF800CA5B42 /* Persistence.swift */ = {isa = PBXFileReference; lastKnownFileType = sourcecode.swift; path = Persistence.swift; sourceTree = "<group>"; };
		4491DFEE2ADD4D4700CA5B42 /* Blank.xcdatamodel */ = {isa = PBXFileReference; lastKnownFileType = wrapper.xcdatamodel; path = Blank.xcdatamodel; sourceTree = "<group>"; };
		4491DFF22ADD4EEB00CA5B42 /* PersistenceView.swift */ = {isa = PBXFileReference; lastKnownFileType = sourcecode.swift; path = PersistenceView.swift; sourceTree = "<group>"; };
		4491DFF62ADECF7F00CA5B42 /* FileMananger+.swift */ = {isa = PBXFileReference; fileEncoding = 4; lastKnownFileType = sourcecode.swift; path = "FileMananger+.swift"; sourceTree = "<group>"; };
		4491DFF72ADECF7F00CA5B42 /* UIImage+.swift */ = {isa = PBXFileReference; fileEncoding = 4; lastKnownFileType = sourcecode.swift; path = "UIImage+.swift"; sourceTree = "<group>"; };
		449CB1D22ADED3580086758A /* Info.plist */ = {isa = PBXFileReference; lastKnownFileType = text.plist; path = Info.plist; sourceTree = "<group>"; };
		449CB1D92ADED6C10086758A /* DocumentPickerRepresentedView.swift */ = {isa = PBXFileReference; lastKnownFileType = sourcecode.swift; path = DocumentPickerRepresentedView.swift; sourceTree = "<group>"; };
		449CB1E62ADEDC5E0086758A /* DummyObjects.swift */ = {isa = PBXFileReference; lastKnownFileType = sourcecode.swift; path = DummyObjects.swift; sourceTree = "<group>"; };
		449CB1E92ADEE0460086758A /* PDFUtil.swift */ = {isa = PBXFileReference; lastKnownFileType = sourcecode.swift; path = PDFUtil.swift; sourceTree = "<group>"; };
		449CB1EB2ADFAF560086758A /* PhotoPickerRepresentedView.swift */ = {isa = PBXFileReference; lastKnownFileType = sourcecode.swift; path = PhotoPickerRepresentedView.swift; sourceTree = "<group>"; };
		449CB1EF2AE14A290086758A /* CGRect+.swift */ = {isa = PBXFileReference; lastKnownFileType = sourcecode.swift; path = "CGRect+.swift"; sourceTree = "<group>"; };
		449CB1F62AE2BD1C0086758A /* CDService.swift */ = {isa = PBXFileReference; lastKnownFileType = sourcecode.swift; path = CDService.swift; sourceTree = "<group>"; };
		449F7A972B05F903003425AF /* FileSystem.swift */ = {isa = PBXFileReference; lastKnownFileType = sourcecode.swift; path = FileSystem.swift; sourceTree = "<group>"; };
		449F7A992B05F924003425AF /* Folder.swift */ = {isa = PBXFileReference; lastKnownFileType = sourcecode.swift; path = Folder.swift; sourceTree = "<group>"; };
		449F7A9B2B0610CB003425AF /* FolderThumbnailView.swift */ = {isa = PBXFileReference; lastKnownFileType = sourcecode.swift; path = FolderThumbnailView.swift; sourceTree = "<group>"; };
		449F7A9E2B06216F003425AF /* ProgressStatusView.swift */ = {isa = PBXFileReference; lastKnownFileType = sourcecode.swift; path = ProgressStatusView.swift; sourceTree = "<group>"; };
		44A556722AE432C7002AE4C3 /* README.md */ = {isa = PBXFileReference; lastKnownFileType = net.daringfireball.markdown; path = README.md; sourceTree = "<group>"; };
		44A556732AE43774002AE4C3 /* Int+.swift */ = {isa = PBXFileReference; lastKnownFileType = sourcecode.swift; path = "Int+.swift"; sourceTree = "<group>"; };
		44A556752AE52990002AE4C3 /* String+.swift */ = {isa = PBXFileReference; lastKnownFileType = sourcecode.swift; path = "String+.swift"; sourceTree = "<group>"; };
		44F30BE12AE579E200B67014 /* APICRUDView.swift */ = {isa = PBXFileReference; lastKnownFileType = sourcecode.swift; path = APICRUDView.swift; sourceTree = "<group>"; };
		44F30BE32AE6738000B67014 /* WordSelectViewModel.swift */ = {isa = PBXFileReference; lastKnownFileType = sourcecode.swift; path = WordSelectViewModel.swift; sourceTree = "<group>"; };
		44F30BE52AE6781F00B67014 /* BasicWord.swift */ = {isa = PBXFileReference; lastKnownFileType = sourcecode.swift; path = BasicWord.swift; sourceTree = "<group>"; };
		44F30BEB2AE6B61E00B67014 /* ScoringTestView.swift */ = {isa = PBXFileReference; lastKnownFileType = sourcecode.swift; path = ScoringTestView.swift; sourceTree = "<group>"; };
		44F30BED2AE74AA800B67014 /* ScoringViewModel.swift */ = {isa = PBXFileReference; lastKnownFileType = sourcecode.swift; path = ScoringViewModel.swift; sourceTree = "<group>"; };
		AC2851792AE7292500C70F4F /* OverViewImageView.swift */ = {isa = PBXFileReference; lastKnownFileType = sourcecode.swift; path = OverViewImageView.swift; sourceTree = "<group>"; };
		AC3E63752B01F5BB000C2944 /* samplePDF.pdf */ = {isa = PBXFileReference; lastKnownFileType = image.pdf; path = samplePDF.pdf; sourceTree = "<group>"; };
		ACDBDA592AD7CC7600C44A80 /* Blank.app */ = {isa = PBXFileReference; explicitFileType = wrapper.application; includeInIndex = 0; path = Blank.app; sourceTree = BUILT_PRODUCTS_DIR; };
		ACDBDA5C2AD7CC7600C44A80 /* BlankApp.swift */ = {isa = PBXFileReference; lastKnownFileType = sourcecode.swift; path = BlankApp.swift; sourceTree = "<group>"; };
		ACDBDA602AD7CC7700C44A80 /* Assets.xcassets */ = {isa = PBXFileReference; lastKnownFileType = folder.assetcatalog; path = Assets.xcassets; sourceTree = "<group>"; };
		ACDBDA632AD7CC7700C44A80 /* Preview Assets.xcassets */ = {isa = PBXFileReference; lastKnownFileType = folder.assetcatalog; path = "Preview Assets.xcassets"; sourceTree = "<group>"; };
		ACE0A6572AFA223B005031FE /* RecognizeText.swift */ = {isa = PBXFileReference; lastKnownFileType = sourcecode.swift; path = RecognizeText.swift; sourceTree = "<group>"; };
		ACE0A6592AFAB117005031FE /* PencilDobuleTapInteractionView.swift */ = {isa = PBXFileReference; lastKnownFileType = sourcecode.swift; path = PencilDobuleTapInteractionView.swift; sourceTree = "<group>"; };
		ACF338BF2ADD00DC004D20FC /* File.swift */ = {isa = PBXFileReference; lastKnownFileType = sourcecode.swift; path = File.swift; sourceTree = "<group>"; };
		ACF338C12ADD0136004D20FC /* Page.swift */ = {isa = PBXFileReference; lastKnownFileType = sourcecode.swift; path = Page.swift; sourceTree = "<group>"; };
		ACF338C32ADD0158004D20FC /* Session.swift */ = {isa = PBXFileReference; lastKnownFileType = sourcecode.swift; path = Session.swift; sourceTree = "<group>"; };
		ACF338C52ADD0172004D20FC /* Word.swift */ = {isa = PBXFileReference; lastKnownFileType = sourcecode.swift; path = Word.swift; sourceTree = "<group>"; };
		EB0B16C12AF239020040B0B2 /* PlayerUIView.swift */ = {isa = PBXFileReference; lastKnownFileType = sourcecode.swift; path = PlayerUIView.swift; sourceTree = "<group>"; };
		EB0B16C32AF23B780040B0B2 /* insert.mov */ = {isa = PBXFileReference; lastKnownFileType = video.quicktime; path = insert.mov; sourceTree = "<group>"; };
		EB0B16C92AFA17640040B0B2 /* PlayerViewModel.swift */ = {isa = PBXFileReference; lastKnownFileType = sourcecode.swift; path = PlayerViewModel.swift; sourceTree = "<group>"; };
		EB3EBD0D2B075F0E001160B0 /* View+.swift */ = {isa = PBXFileReference; lastKnownFileType = sourcecode.swift; path = "View+.swift"; sourceTree = "<group>"; };
		EB69FC7C2AE6C71F00ADF7B6 /* TestPageImageView.swift */ = {isa = PBXFileReference; lastKnownFileType = sourcecode.swift; path = TestPageImageView.swift; sourceTree = "<group>"; };
		EB8978E82AE5644400494BE7 /* handWrite.mov */ = {isa = PBXFileReference; lastKnownFileType = video.quicktime; path = handWrite.mov; sourceTree = "<group>"; };
		EB8978EA2AE5644400494BE7 /* delete.mov */ = {isa = PBXFileReference; lastKnownFileType = video.quicktime; path = delete.mov; sourceTree = "<group>"; };
		EB8978EB2AE5644400494BE7 /* select.mov */ = {isa = PBXFileReference; lastKnownFileType = video.quicktime; path = select.mov; sourceTree = "<group>"; };
		EB8978EC2AE5644400494BE7 /* link.mov */ = {isa = PBXFileReference; lastKnownFileType = video.quicktime; path = link.mov; sourceTree = "<group>"; };
		EB8978FA2AE6A0BC00494BE7 /* TextView.swift */ = {isa = PBXFileReference; lastKnownFileType = sourcecode.swift; path = TextView.swift; sourceTree = "<group>"; };
		EB8978FC2AE6A16900494BE7 /* OCRImageView.swift */ = {isa = PBXFileReference; lastKnownFileType = sourcecode.swift; path = OCRImageView.swift; sourceTree = "<group>"; };
		EBEB72612AE0BC8500316D66 /* ImageView.swift */ = {isa = PBXFileReference; lastKnownFileType = sourcecode.swift; path = ImageView.swift; sourceTree = "<group>"; };
		EBEB727E2AE548C400316D66 /* ScribbleModalView.swift */ = {isa = PBXFileReference; lastKnownFileType = sourcecode.swift; path = ScribbleModalView.swift; sourceTree = "<group>"; };
		EBEB72802AE548F700316D66 /* ScribbleVideoView.swift */ = {isa = PBXFileReference; lastKnownFileType = sourcecode.swift; path = ScribbleVideoView.swift; sourceTree = "<group>"; };
		EBEB72822AE5491200316D66 /* ScribbleType.swift */ = {isa = PBXFileReference; lastKnownFileType = sourcecode.swift; path = ScribbleType.swift; sourceTree = "<group>"; };
/* End PBXFileReference section */

/* Begin PBXFrameworksBuildPhase section */
		ACDBDA562AD7CC7600C44A80 /* Frameworks */ = {
			isa = PBXFrameworksBuildPhase;
			buildActionMask = 2147483647;
			files = (
				4418D0432AEF99A7000EF661 /* PopupView in Frameworks */,
			);
			runOnlyForDeploymentPostprocessing = 0;
		};
/* End PBXFrameworksBuildPhase section */

/* Begin PBXGroup section */
		428102A82AF8EF9300938A27 /* ResultPage */ = {
			isa = PBXGroup;
			children = (
				42ED60D32ADE7F570043AF2F /* ResultPageView.swift */,
				42ED60D52ADE7F6C0043AF2F /* CorrectInfoView.swift */,
			);
			path = ResultPage;
			sourceTree = "<group>";
		};
		444E6A612AF2531800AEC703 /* Presentable */ = {
			isa = PBXGroup;
			children = (
				444E6A622AF2535200AEC703 /* SessionStatistics.swift */,
				444E6A662AF26B1A00AEC703 /* WordStatistics.swift */,
			);
			path = Presentable;
			sourceTree = "<group>";
		};
		4491DFEA2ADD4CCF00CA5B42 /* CoreData */ = {
			isa = PBXGroup;
			children = (
				449CB1F62AE2BD1C0086758A /* CDService.swift */,
				4491DFEB2ADD4CF800CA5B42 /* Persistence.swift */,
				4491DFED2ADD4D4700CA5B42 /* Blank.xcdatamodeld */,
				44A556722AE432C7002AE4C3 /* README.md */,
			);
			path = CoreData;
			sourceTree = "<group>";
		};
		4491DFF52ADECF7F00CA5B42 /* Extension */ = {
			isa = PBXGroup;
			children = (
				4491DFF62ADECF7F00CA5B42 /* FileMananger+.swift */,
				4491DFF72ADECF7F00CA5B42 /* UIImage+.swift */,
				449CB1EF2AE14A290086758A /* CGRect+.swift */,
				44A556732AE43774002AE4C3 /* Int+.swift */,
				44A556752AE52990002AE4C3 /* String+.swift */,
				444E6A642AF2587000AEC703 /* Double.swift */,
				EB3EBD0D2B075F0E001160B0 /* View+.swift */,
				422355C62B0CA54300905F76 /* Color+.swift */,
			);
			path = Extension;
			sourceTree = "<group>";
		};
		449CB1D72ADED6920086758A /* Home */ = {
			isa = PBXGroup;
			children = (
				42ED60C52ADE7EDB0043AF2F /* HomeView.swift */,
				449CB1D92ADED6C10086758A /* DocumentPickerRepresentedView.swift */,
				449CB1EB2ADFAF560086758A /* PhotoPickerRepresentedView.swift */,
				449F7A9B2B0610CB003425AF /* FolderThumbnailView.swift */,
				4482896D2B09117B00F5912E /* SelectFolderView.swift */,
			);
			path = Home;
			sourceTree = "<group>";
		};
		449CB1DB2ADEDABE0086758A /* Resources */ = {
			isa = PBXGroup;
			children = (
				EB8978EA2AE5644400494BE7 /* delete.mov */,
				EB8978E82AE5644400494BE7 /* handWrite.mov */,
				EB8978EC2AE5644400494BE7 /* link.mov */,
				EB0B16C32AF23B780040B0B2 /* insert.mov */,
				EB8978EB2AE5644400494BE7 /* select.mov */,
				AC3E63752B01F5BB000C2944 /* samplePDF.pdf */,
			);
			path = Resources;
			sourceTree = "<group>";
		};
		449CB1E52ADEDC470086758A /* Dummy */ = {
			isa = PBXGroup;
			children = (
				449CB1E62ADEDC5E0086758A /* DummyObjects.swift */,
			);
			path = Dummy;
			sourceTree = "<group>";
		};
		449CB1E82ADEE0380086758A /* Util */ = {
			isa = PBXGroup;
			children = (
				449CB1E92ADEE0460086758A /* PDFUtil.swift */,
				445F79672AFB89E6007D4998 /* ImageUtil.swift */,
				425D4E412AEF8EA800610BE8 /* ZoomableContainer.swift */,
				425D4E452AF0EEEF00610BE8 /* NavigationUtil.swift */,
				ACE0A6572AFA223B005031FE /* RecognizeText.swift */,
				ACE0A6592AFAB117005031FE /* PencilDobuleTapInteractionView.swift */,
			);
			path = Util;
			sourceTree = "<group>";
		};
		449F7A962B05F8F6003425AF /* FileSystem */ = {
			isa = PBXGroup;
			children = (
				ACF338BF2ADD00DC004D20FC /* File.swift */,
				449F7A972B05F903003425AF /* FileSystem.swift */,
				449F7A992B05F924003425AF /* Folder.swift */,
			);
			path = FileSystem;
			sourceTree = "<group>";
		};
		449F7A9D2B06213E003425AF /* Common */ = {
			isa = PBXGroup;
			children = (
				449F7A9E2B06216F003425AF /* ProgressStatusView.swift */,
				448289712B0B60E700F5912E /* TouchRepresentedView.swift */,
			);
			path = Common;
			sourceTree = "<group>";
		};
		44F30BE02AE5793700B67014 /* Persistence */ = {
			isa = PBXGroup;
			children = (
				4491DFF22ADD4EEB00CA5B42 /* PersistenceView.swift */,
				44F30BE12AE579E200B67014 /* APICRUDView.swift */,
				44F30BEB2AE6B61E00B67014 /* ScoringTestView.swift */,
			);
			path = Persistence;
			sourceTree = "<group>";
		};
		AC2851782AE7291100C70F4F /* OverView */ = {
			isa = PBXGroup;
			children = (
				42ED60C72ADE7EF50043AF2F /* OverView.swift */,
				AC2851792AE7292500C70F4F /* OverViewImageView.swift */,
				42ED60C92ADE7F090043AF2F /* OverViewModalView.swift */,
			);
			path = OverView;
			sourceTree = "<group>";
		};
		ACDBDA502AD7CC7600C44A80 = {
			isa = PBXGroup;
			children = (
				ACDBDA5B2AD7CC7600C44A80 /* Blank */,
				ACDBDA5A2AD7CC7600C44A80 /* Products */,
			);
			sourceTree = "<group>";
		};
		ACDBDA5A2AD7CC7600C44A80 /* Products */ = {
			isa = PBXGroup;
			children = (
				ACDBDA592AD7CC7600C44A80 /* Blank.app */,
			);
			name = Products;
			sourceTree = "<group>";
		};
		ACDBDA5B2AD7CC7600C44A80 /* Blank */ = {
			isa = PBXGroup;
			children = (
				449CB1E82ADEE0380086758A /* Util */,
				449CB1E52ADEDC470086758A /* Dummy */,
				449CB1DB2ADEDABE0086758A /* Resources */,
				449CB1D22ADED3580086758A /* Info.plist */,
				4491DFF52ADECF7F00CA5B42 /* Extension */,
				4491DFEA2ADD4CCF00CA5B42 /* CoreData */,
				ACF338BE2ADD00B7004D20FC /* View */,
				ACF338BD2ADD00B1004D20FC /* Model */,
				ACF338BC2ADD00A4004D20FC /* ViewModel */,
				ACDBDA5C2AD7CC7600C44A80 /* BlankApp.swift */,
				ACDBDA602AD7CC7700C44A80 /* Assets.xcassets */,
				ACDBDA622AD7CC7700C44A80 /* Preview Content */,
			);
			path = Blank;
			sourceTree = "<group>";
		};
		ACDBDA622AD7CC7700C44A80 /* Preview Content */ = {
			isa = PBXGroup;
			children = (
				ACDBDA632AD7CC7700C44A80 /* Preview Assets.xcassets */,
			);
			path = "Preview Content";
			sourceTree = "<group>";
		};
		ACF338BC2ADD00A4004D20FC /* ViewModel */ = {
			isa = PBXGroup;
			children = (
				4491DFA92ADD1E2E00CA5B42 /* HomeViewModel.swift */,
				42E763892AE1229700624D81 /* OverViewModel.swift */,
				44F30BE32AE6738000B67014 /* WordSelectViewModel.swift */,
				44F30BED2AE74AA800B67014 /* ScoringViewModel.swift */,
				4418D0442AEFECBA000EF661 /* TextViewModel.swift */,
				EB0B16C92AFA17640040B0B2 /* PlayerViewModel.swift */,
				4482896F2B09143A00F5912E /* SelectFolderViewModel.swift */,
			);
			path = ViewModel;
			sourceTree = "<group>";
		};
		ACF338BD2ADD00B1004D20FC /* Model */ = {
			isa = PBXGroup;
			children = (
				449F7A962B05F8F6003425AF /* FileSystem */,
				444E6A612AF2531800AEC703 /* Presentable */,
				ACF338C12ADD0136004D20FC /* Page.swift */,
				ACF338C32ADD0158004D20FC /* Session.swift */,
				ACF338C52ADD0172004D20FC /* Word.swift */,
				44F30BE52AE6781F00B67014 /* BasicWord.swift */,
			);
			path = Model;
			sourceTree = "<group>";
		};
		ACF338BE2ADD00B7004D20FC /* View */ = {
			isa = PBXGroup;
			children = (
				449F7A9D2B06213E003425AF /* Common */,
				44F30BE02AE5793700B67014 /* Persistence */,
				449CB1D72ADED6920086758A /* Home */,
				42ED60D72ADE7F910043AF2F /* PDFThumbnailView.swift */,
				EBEB72612AE0BC8500316D66 /* ImageView.swift */,
				AC2851782AE7291100C70F4F /* OverView */,
				42ED60CB2ADE7F1A0043AF2F /* WordSelectView.swift */,
				EBEB727D2AE548AB00316D66 /* OCREdit */,
				EB69FC7B2AE6BF2200ADF7B6 /* TestPage */,
				428102A82AF8EF9300938A27 /* ResultPage */,
			);
			path = View;
			sourceTree = "<group>";
		};
		EB69FC7B2AE6BF2200ADF7B6 /* TestPage */ = {
			isa = PBXGroup;
			children = (
				42ED60D12ADE7F450043AF2F /* TestPageView.swift */,
				EB69FC7C2AE6C71F00ADF7B6 /* TestPageImageView.swift */,
			);
			path = TestPage;
			sourceTree = "<group>";
		};
		EBEB727D2AE548AB00316D66 /* OCREdit */ = {
			isa = PBXGroup;
			children = (
				42ED60CD2ADE7F290043AF2F /* OCREditView.swift */,
				EB8978FC2AE6A16900494BE7 /* OCRImageView.swift */,
				EB8978FA2AE6A0BC00494BE7 /* TextView.swift */,
				EBEB727E2AE548C400316D66 /* ScribbleModalView.swift */,
				EBEB72802AE548F700316D66 /* ScribbleVideoView.swift */,
				EB0B16C12AF239020040B0B2 /* PlayerUIView.swift */,
				EBEB72822AE5491200316D66 /* ScribbleType.swift */,
			);
			path = OCREdit;
			sourceTree = "<group>";
		};
/* End PBXGroup section */

/* Begin PBXNativeTarget section */
		ACDBDA582AD7CC7600C44A80 /* Blank */ = {
			isa = PBXNativeTarget;
			buildConfigurationList = ACDBDA672AD7CC7700C44A80 /* Build configuration list for PBXNativeTarget "Blank" */;
			buildPhases = (
				ACDBDA552AD7CC7600C44A80 /* Sources */,
				ACDBDA562AD7CC7600C44A80 /* Frameworks */,
				ACDBDA572AD7CC7600C44A80 /* Resources */,
			);
			buildRules = (
			);
			dependencies = (
			);
			name = Blank;
			packageProductDependencies = (
				4418D0422AEF99A7000EF661 /* PopupView */,
			);
			productName = Blank;
			productReference = ACDBDA592AD7CC7600C44A80 /* Blank.app */;
			productType = "com.apple.product-type.application";
		};
/* End PBXNativeTarget section */

/* Begin PBXProject section */
		ACDBDA512AD7CC7600C44A80 /* Project object */ = {
			isa = PBXProject;
			attributes = {
				BuildIndependentTargetsInParallel = 1;
				LastSwiftUpdateCheck = 1500;
				LastUpgradeCheck = 1500;
				TargetAttributes = {
					ACDBDA582AD7CC7600C44A80 = {
						CreatedOnToolsVersion = 15.0;
					};
				};
			};
			buildConfigurationList = ACDBDA542AD7CC7600C44A80 /* Build configuration list for PBXProject "Blank" */;
			compatibilityVersion = "Xcode 14.0";
			developmentRegion = en;
			hasScannedForEncodings = 0;
			knownRegions = (
				en,
				Base,
			);
			mainGroup = ACDBDA502AD7CC7600C44A80;
			packageReferences = (
				4418D0412AEF99A6000EF661 /* XCRemoteSwiftPackageReference "PopupView" */,
			);
			productRefGroup = ACDBDA5A2AD7CC7600C44A80 /* Products */;
			projectDirPath = "";
			projectRoot = "";
			targets = (
				ACDBDA582AD7CC7600C44A80 /* Blank */,
			);
		};
/* End PBXProject section */

/* Begin PBXResourcesBuildPhase section */
		ACDBDA572AD7CC7600C44A80 /* Resources */ = {
			isa = PBXResourcesBuildPhase;
			buildActionMask = 2147483647;
			files = (
				ACDBDA642AD7CC7700C44A80 /* Preview Assets.xcassets in Resources */,
				AC3E63762B01F5BB000C2944 /* samplePDF.pdf in Resources */,
				EB0B16C42AF23B780040B0B2 /* insert.mov in Resources */,
				EB8978F02AE5644400494BE7 /* select.mov in Resources */,
				EB8978EF2AE5644400494BE7 /* delete.mov in Resources */,
				EB8978ED2AE5644400494BE7 /* handWrite.mov in Resources */,
				EB8978F12AE5644400494BE7 /* link.mov in Resources */,
				ACDBDA612AD7CC7700C44A80 /* Assets.xcassets in Resources */,
			);
			runOnlyForDeploymentPostprocessing = 0;
		};
/* End PBXResourcesBuildPhase section */

/* Begin PBXSourcesBuildPhase section */
		ACDBDA552AD7CC7600C44A80 /* Sources */ = {
			isa = PBXSourcesBuildPhase;
			buildActionMask = 2147483647;
			files = (
				44F30BEE2AE74AA800B67014 /* ScoringViewModel.swift in Sources */,
				EB0B16CA2AFA17640040B0B2 /* PlayerViewModel.swift in Sources */,
				EB0B16C22AF239020040B0B2 /* PlayerUIView.swift in Sources */,
				44F30BEC2AE6B61E00B67014 /* ScoringTestView.swift in Sources */,
				425D4E462AF0EEEF00610BE8 /* NavigationUtil.swift in Sources */,
				4491DFF82ADECF7F00CA5B42 /* FileMananger+.swift in Sources */,
				449CB1F72AE2BD1C0086758A /* CDService.swift in Sources */,
				AC28517A2AE7292500C70F4F /* OverViewImageView.swift in Sources */,
				EBEB727F2AE548C400316D66 /* ScribbleModalView.swift in Sources */,
				ACE0A65A2AFAB117005031FE /* PencilDobuleTapInteractionView.swift in Sources */,
				ACF338C42ADD0158004D20FC /* Session.swift in Sources */,
				448289722B0B60E800F5912E /* TouchRepresentedView.swift in Sources */,
				42ED60D82ADE7F910043AF2F /* PDFThumbnailView.swift in Sources */,
				44F30BE62AE6781F00B67014 /* BasicWord.swift in Sources */,
				449F7A9F2B06216F003425AF /* ProgressStatusView.swift in Sources */,
				449CB1EC2ADFAF560086758A /* PhotoPickerRepresentedView.swift in Sources */,
				44A556762AE52990002AE4C3 /* String+.swift in Sources */,
				4482896E2B09117B00F5912E /* SelectFolderView.swift in Sources */,
				444E6A672AF26B1A00AEC703 /* WordStatistics.swift in Sources */,
				4491DFEC2ADD4CF800CA5B42 /* Persistence.swift in Sources */,
				EBEB72812AE548F700316D66 /* ScribbleVideoView.swift in Sources */,
				42ED60CE2ADE7F290043AF2F /* OCREditView.swift in Sources */,
				4418D0452AEFECBA000EF661 /* TextViewModel.swift in Sources */,
				ACF338C02ADD00DC004D20FC /* File.swift in Sources */,
				4491DFAA2ADD1E2E00CA5B42 /* HomeViewModel.swift in Sources */,
				42ED60C82ADE7EF50043AF2F /* OverView.swift in Sources */,
				444E6A632AF2535200AEC703 /* SessionStatistics.swift in Sources */,
				449F7A9C2B0610CB003425AF /* FolderThumbnailView.swift in Sources */,
				425D4E422AEF8EA800610BE8 /* ZoomableContainer.swift in Sources */,
				ACF338C22ADD0136004D20FC /* Page.swift in Sources */,
				449F7A9A2B05F924003425AF /* Folder.swift in Sources */,
				422355C72B0CA54300905F76 /* Color+.swift in Sources */,
				44F30BE22AE579E200B67014 /* APICRUDView.swift in Sources */,
				EB8978FB2AE6A0BC00494BE7 /* TextView.swift in Sources */,
				42ED60CA2ADE7F090043AF2F /* OverViewModalView.swift in Sources */,
				EB8978FD2AE6A16900494BE7 /* OCRImageView.swift in Sources */,
				449CB1E72ADEDC5E0086758A /* DummyObjects.swift in Sources */,
				444E6A652AF2587000AEC703 /* Double.swift in Sources */,
				449CB1EA2ADEE0460086758A /* PDFUtil.swift in Sources */,
				42ED60C62ADE7EDB0043AF2F /* HomeView.swift in Sources */,
				44F30BE42AE6738000B67014 /* WordSelectViewModel.swift in Sources */,
				445F79682AFB89E6007D4998 /* ImageUtil.swift in Sources */,
				4491DFEF2ADD4D4700CA5B42 /* Blank.xcdatamodeld in Sources */,
				EB3EBD0E2B075F0E001160B0 /* View+.swift in Sources */,
				449CB1DA2ADED6C10086758A /* DocumentPickerRepresentedView.swift in Sources */,
				42E7638A2AE1229700624D81 /* OverViewModel.swift in Sources */,
				42ED60D22ADE7F450043AF2F /* TestPageView.swift in Sources */,
				42ED60CC2ADE7F1A0043AF2F /* WordSelectView.swift in Sources */,
				448289702B09143A00F5912E /* SelectFolderViewModel.swift in Sources */,
				42ED60D42ADE7F570043AF2F /* ResultPageView.swift in Sources */,
				ACDBDA5D2AD7CC7600C44A80 /* BlankApp.swift in Sources */,
				449CB1F02AE14A290086758A /* CGRect+.swift in Sources */,
				ACE0A6582AFA223B005031FE /* RecognizeText.swift in Sources */,
				4491DFF32ADD4EEB00CA5B42 /* PersistenceView.swift in Sources */,
				EB69FC7D2AE6C71F00ADF7B6 /* TestPageImageView.swift in Sources */,
				44A556742AE43774002AE4C3 /* Int+.swift in Sources */,
				4491DFF92ADECF7F00CA5B42 /* UIImage+.swift in Sources */,
				EBEB72622AE0BC8500316D66 /* ImageView.swift in Sources */,
				449F7A982B05F903003425AF /* FileSystem.swift in Sources */,
				42ED60D62ADE7F6C0043AF2F /* CorrectInfoView.swift in Sources */,
				EBEB72832AE5491200316D66 /* ScribbleType.swift in Sources */,
				ACF338C62ADD0172004D20FC /* Word.swift in Sources */,
			);
			runOnlyForDeploymentPostprocessing = 0;
		};
/* End PBXSourcesBuildPhase section */

/* Begin XCBuildConfiguration section */
		ACDBDA652AD7CC7700C44A80 /* Debug */ = {
			isa = XCBuildConfiguration;
			buildSettings = {
				ALWAYS_SEARCH_USER_PATHS = NO;
				ASSETCATALOG_COMPILER_GENERATE_SWIFT_ASSET_SYMBOL_EXTENSIONS = YES;
				CLANG_ANALYZER_NONNULL = YES;
				CLANG_ANALYZER_NUMBER_OBJECT_CONVERSION = YES_AGGRESSIVE;
				CLANG_CXX_LANGUAGE_STANDARD = "gnu++20";
				CLANG_ENABLE_MODULES = YES;
				CLANG_ENABLE_OBJC_ARC = YES;
				CLANG_ENABLE_OBJC_WEAK = YES;
				CLANG_WARN_BLOCK_CAPTURE_AUTORELEASING = YES;
				CLANG_WARN_BOOL_CONVERSION = YES;
				CLANG_WARN_COMMA = YES;
				CLANG_WARN_CONSTANT_CONVERSION = YES;
				CLANG_WARN_DEPRECATED_OBJC_IMPLEMENTATIONS = YES;
				CLANG_WARN_DIRECT_OBJC_ISA_USAGE = YES_ERROR;
				CLANG_WARN_DOCUMENTATION_COMMENTS = YES;
				CLANG_WARN_EMPTY_BODY = YES;
				CLANG_WARN_ENUM_CONVERSION = YES;
				CLANG_WARN_INFINITE_RECURSION = YES;
				CLANG_WARN_INT_CONVERSION = YES;
				CLANG_WARN_NON_LITERAL_NULL_CONVERSION = YES;
				CLANG_WARN_OBJC_IMPLICIT_RETAIN_SELF = YES;
				CLANG_WARN_OBJC_LITERAL_CONVERSION = YES;
				CLANG_WARN_OBJC_ROOT_CLASS = YES_ERROR;
				CLANG_WARN_QUOTED_INCLUDE_IN_FRAMEWORK_HEADER = YES;
				CLANG_WARN_RANGE_LOOP_ANALYSIS = YES;
				CLANG_WARN_STRICT_PROTOTYPES = YES;
				CLANG_WARN_SUSPICIOUS_MOVE = YES;
				CLANG_WARN_UNGUARDED_AVAILABILITY = YES_AGGRESSIVE;
				CLANG_WARN_UNREACHABLE_CODE = YES;
				CLANG_WARN__DUPLICATE_METHOD_MATCH = YES;
				COPY_PHASE_STRIP = NO;
				DEBUG_INFORMATION_FORMAT = dwarf;
				ENABLE_STRICT_OBJC_MSGSEND = YES;
				ENABLE_TESTABILITY = YES;
				ENABLE_USER_SCRIPT_SANDBOXING = YES;
				GCC_C_LANGUAGE_STANDARD = gnu17;
				GCC_DYNAMIC_NO_PIC = NO;
				GCC_NO_COMMON_BLOCKS = YES;
				GCC_OPTIMIZATION_LEVEL = 0;
				GCC_PREPROCESSOR_DEFINITIONS = (
					"DEBUG=1",
					"$(inherited)",
				);
				GCC_WARN_64_TO_32_BIT_CONVERSION = YES;
				GCC_WARN_ABOUT_RETURN_TYPE = YES_ERROR;
				GCC_WARN_UNDECLARED_SELECTOR = YES;
				GCC_WARN_UNINITIALIZED_AUTOS = YES_AGGRESSIVE;
				GCC_WARN_UNUSED_FUNCTION = YES;
				GCC_WARN_UNUSED_VARIABLE = YES;
				IPHONEOS_DEPLOYMENT_TARGET = 17.0;
				LOCALIZATION_PREFERS_STRING_CATALOGS = YES;
				MTL_ENABLE_DEBUG_INFO = INCLUDE_SOURCE;
				MTL_FAST_MATH = YES;
				ONLY_ACTIVE_ARCH = YES;
				SDKROOT = iphoneos;
				SWIFT_ACTIVE_COMPILATION_CONDITIONS = "DEBUG $(inherited)";
				SWIFT_OPTIMIZATION_LEVEL = "-Onone";
			};
			name = Debug;
		};
		ACDBDA662AD7CC7700C44A80 /* Release */ = {
			isa = XCBuildConfiguration;
			buildSettings = {
				ALWAYS_SEARCH_USER_PATHS = NO;
				ASSETCATALOG_COMPILER_GENERATE_SWIFT_ASSET_SYMBOL_EXTENSIONS = YES;
				CLANG_ANALYZER_NONNULL = YES;
				CLANG_ANALYZER_NUMBER_OBJECT_CONVERSION = YES_AGGRESSIVE;
				CLANG_CXX_LANGUAGE_STANDARD = "gnu++20";
				CLANG_ENABLE_MODULES = YES;
				CLANG_ENABLE_OBJC_ARC = YES;
				CLANG_ENABLE_OBJC_WEAK = YES;
				CLANG_WARN_BLOCK_CAPTURE_AUTORELEASING = YES;
				CLANG_WARN_BOOL_CONVERSION = YES;
				CLANG_WARN_COMMA = YES;
				CLANG_WARN_CONSTANT_CONVERSION = YES;
				CLANG_WARN_DEPRECATED_OBJC_IMPLEMENTATIONS = YES;
				CLANG_WARN_DIRECT_OBJC_ISA_USAGE = YES_ERROR;
				CLANG_WARN_DOCUMENTATION_COMMENTS = YES;
				CLANG_WARN_EMPTY_BODY = YES;
				CLANG_WARN_ENUM_CONVERSION = YES;
				CLANG_WARN_INFINITE_RECURSION = YES;
				CLANG_WARN_INT_CONVERSION = YES;
				CLANG_WARN_NON_LITERAL_NULL_CONVERSION = YES;
				CLANG_WARN_OBJC_IMPLICIT_RETAIN_SELF = YES;
				CLANG_WARN_OBJC_LITERAL_CONVERSION = YES;
				CLANG_WARN_OBJC_ROOT_CLASS = YES_ERROR;
				CLANG_WARN_QUOTED_INCLUDE_IN_FRAMEWORK_HEADER = YES;
				CLANG_WARN_RANGE_LOOP_ANALYSIS = YES;
				CLANG_WARN_STRICT_PROTOTYPES = YES;
				CLANG_WARN_SUSPICIOUS_MOVE = YES;
				CLANG_WARN_UNGUARDED_AVAILABILITY = YES_AGGRESSIVE;
				CLANG_WARN_UNREACHABLE_CODE = YES;
				CLANG_WARN__DUPLICATE_METHOD_MATCH = YES;
				COPY_PHASE_STRIP = NO;
				DEBUG_INFORMATION_FORMAT = "dwarf-with-dsym";
				ENABLE_NS_ASSERTIONS = NO;
				ENABLE_STRICT_OBJC_MSGSEND = YES;
				ENABLE_USER_SCRIPT_SANDBOXING = YES;
				GCC_C_LANGUAGE_STANDARD = gnu17;
				GCC_NO_COMMON_BLOCKS = YES;
				GCC_WARN_64_TO_32_BIT_CONVERSION = YES;
				GCC_WARN_ABOUT_RETURN_TYPE = YES_ERROR;
				GCC_WARN_UNDECLARED_SELECTOR = YES;
				GCC_WARN_UNINITIALIZED_AUTOS = YES_AGGRESSIVE;
				GCC_WARN_UNUSED_FUNCTION = YES;
				GCC_WARN_UNUSED_VARIABLE = YES;
				IPHONEOS_DEPLOYMENT_TARGET = 17.0;
				LOCALIZATION_PREFERS_STRING_CATALOGS = YES;
				MTL_ENABLE_DEBUG_INFO = NO;
				MTL_FAST_MATH = YES;
				SDKROOT = iphoneos;
				SWIFT_COMPILATION_MODE = wholemodule;
				VALIDATE_PRODUCT = YES;
			};
			name = Release;
		};
		ACDBDA682AD7CC7700C44A80 /* Debug */ = {
			isa = XCBuildConfiguration;
			buildSettings = {
				ASSETCATALOG_COMPILER_APPICON_NAME = AppIcon;
				ASSETCATALOG_COMPILER_GLOBAL_ACCENT_COLOR_NAME = AccentColor;
				CODE_SIGN_STYLE = Automatic;
				CURRENT_PROJECT_VERSION = 2;
				DEVELOPMENT_ASSET_PATHS = "\"Blank/Preview Content\"";
				DEVELOPMENT_TEAM = 6S2SA26VAN;
				DEVELOPMENT_TEAM = HR74YJR7W4;
				ENABLE_PREVIEWS = YES;
				GENERATE_INFOPLIST_FILE = YES;
				INFOPLIST_FILE = Blank/Info.plist;
				INFOPLIST_KEY_LSApplicationCategoryType = "public.app-category.education";
				INFOPLIST_KEY_NSPhotoLibraryUsageDescription = "빈칸을 만드는 글자인식을 위해 사진 보관함을 사용하려면 권한 허용이 필요해요. 사진보관함 접근 허용버튼을 클릭해주세요.";
				INFOPLIST_KEY_UIApplicationSceneManifest_Generation = YES;
				INFOPLIST_KEY_UIApplicationSupportsIndirectInputEvents = YES;
				INFOPLIST_KEY_UILaunchScreen_Generation = YES;
				INFOPLIST_KEY_UIRequiresFullScreen = YES;
				INFOPLIST_KEY_UISupportedInterfaceOrientations = "UIInterfaceOrientationPortraitUpsideDown UIInterfaceOrientationPortrait";
				INFOPLIST_KEY_UISupportedInterfaceOrientations_iPad = "UIInterfaceOrientationPortrait UIInterfaceOrientationPortraitUpsideDown";
				INFOPLIST_KEY_UISupportsDocumentBrowser = YES;
				IPHONEOS_DEPLOYMENT_TARGET = 16.0;
				LD_RUNPATH_SEARCH_PATHS = (
					"$(inherited)",
					"@executable_path/Frameworks",
				);
				MARKETING_VERSION = 1.0;
				PRODUCT_BUNDLE_IDENTIFIER = com.KyungsupGo.Blank;
				PRODUCT_NAME = "$(TARGET_NAME)";
				SUPPORTED_PLATFORMS = "iphoneos iphonesimulator";
				SUPPORTS_MACCATALYST = NO;
				SUPPORTS_MAC_DESIGNED_FOR_IPHONE_IPAD = NO;
				SWIFT_EMIT_LOC_STRINGS = YES;
				SWIFT_VERSION = 5.0;
				TARGETED_DEVICE_FAMILY = 2;
			};
			name = Debug;
		};
		ACDBDA692AD7CC7700C44A80 /* Release */ = {
			isa = XCBuildConfiguration;
			buildSettings = {
				ASSETCATALOG_COMPILER_APPICON_NAME = AppIcon;
				ASSETCATALOG_COMPILER_GLOBAL_ACCENT_COLOR_NAME = AccentColor;
				CODE_SIGN_STYLE = Automatic;
				CURRENT_PROJECT_VERSION = 2;
				DEVELOPMENT_ASSET_PATHS = "\"Blank/Preview Content\"";
				DEVELOPMENT_TEAM = 6S2SA26VAN;
				DEVELOPMENT_TEAM = HR74YJR7W4;
				ENABLE_PREVIEWS = YES;
				GENERATE_INFOPLIST_FILE = YES;
				INFOPLIST_FILE = Blank/Info.plist;
				INFOPLIST_KEY_LSApplicationCategoryType = "public.app-category.education";
				INFOPLIST_KEY_NSPhotoLibraryUsageDescription = "빈칸을 만드는 글자인식을 위해 사진 보관함을 사용하려면 권한 허용이 필요해요. 사진보관함 접근 허용버튼을 클릭해주세요.";
				INFOPLIST_KEY_UIApplicationSceneManifest_Generation = YES;
				INFOPLIST_KEY_UIApplicationSupportsIndirectInputEvents = YES;
				INFOPLIST_KEY_UILaunchScreen_Generation = YES;
				INFOPLIST_KEY_UIRequiresFullScreen = YES;
				INFOPLIST_KEY_UISupportedInterfaceOrientations = "UIInterfaceOrientationPortraitUpsideDown UIInterfaceOrientationPortrait";
				INFOPLIST_KEY_UISupportedInterfaceOrientations_iPad = "UIInterfaceOrientationPortrait UIInterfaceOrientationPortraitUpsideDown";
				INFOPLIST_KEY_UISupportsDocumentBrowser = YES;
				IPHONEOS_DEPLOYMENT_TARGET = 16.0;
				LD_RUNPATH_SEARCH_PATHS = (
					"$(inherited)",
					"@executable_path/Frameworks",
				);
				MARKETING_VERSION = 1.0;
				PRODUCT_BUNDLE_IDENTIFIER = com.KyungsupGo.Blank;
				PRODUCT_NAME = "$(TARGET_NAME)";
				SUPPORTED_PLATFORMS = "iphoneos iphonesimulator";
				SUPPORTS_MACCATALYST = NO;
				SUPPORTS_MAC_DESIGNED_FOR_IPHONE_IPAD = NO;
				SWIFT_EMIT_LOC_STRINGS = YES;
				SWIFT_VERSION = 5.0;
				TARGETED_DEVICE_FAMILY = 2;
			};
			name = Release;
		};
/* End XCBuildConfiguration section */

/* Begin XCConfigurationList section */
		ACDBDA542AD7CC7600C44A80 /* Build configuration list for PBXProject "Blank" */ = {
			isa = XCConfigurationList;
			buildConfigurations = (
				ACDBDA652AD7CC7700C44A80 /* Debug */,
				ACDBDA662AD7CC7700C44A80 /* Release */,
			);
			defaultConfigurationIsVisible = 0;
			defaultConfigurationName = Release;
		};
		ACDBDA672AD7CC7700C44A80 /* Build configuration list for PBXNativeTarget "Blank" */ = {
			isa = XCConfigurationList;
			buildConfigurations = (
				ACDBDA682AD7CC7700C44A80 /* Debug */,
				ACDBDA692AD7CC7700C44A80 /* Release */,
			);
			defaultConfigurationIsVisible = 0;
			defaultConfigurationName = Release;
		};
/* End XCConfigurationList section */

/* Begin XCRemoteSwiftPackageReference section */
		4418D0412AEF99A6000EF661 /* XCRemoteSwiftPackageReference "PopupView" */ = {
			isa = XCRemoteSwiftPackageReference;
			repositoryURL = "https://github.com/exyte/PopupView.git";
			requirement = {
				kind = upToNextMajorVersion;
				minimumVersion = 2.8.1;
			};
		};
/* End XCRemoteSwiftPackageReference section */

/* Begin XCSwiftPackageProductDependency section */
		4418D0422AEF99A7000EF661 /* PopupView */ = {
			isa = XCSwiftPackageProductDependency;
			package = 4418D0412AEF99A6000EF661 /* XCRemoteSwiftPackageReference "PopupView" */;
			productName = PopupView;
		};
/* End XCSwiftPackageProductDependency section */

/* Begin XCVersionGroup section */
		4491DFED2ADD4D4700CA5B42 /* Blank.xcdatamodeld */ = {
			isa = XCVersionGroup;
			children = (
				4491DFEE2ADD4D4700CA5B42 /* Blank.xcdatamodel */,
			);
			currentVersion = 4491DFEE2ADD4D4700CA5B42 /* Blank.xcdatamodel */;
			path = Blank.xcdatamodeld;
			sourceTree = "<group>";
			versionGroupType = wrapper.xcdatamodel;
		};
/* End XCVersionGroup section */
	};
	rootObject = ACDBDA512AD7CC7600C44A80 /* Project object */;
}
